// !$*UTF8*$!
{
	archiveVersion = 1;
	classes = {
	};
	objectVersion = 77;
	objects = {

/* Begin PBXBuildFile section */
		A00FDD682DD831CB00C15D28 /* MainTabView.swift in Sources */ = {isa = PBXBuildFile; fileRef = A00FDD672DD831CB00C15D28 /* MainTabView.swift */; };
		A00FDD6F2DD832EC00C15D28 /* BoardView.swift in Sources */ = {isa = PBXBuildFile; fileRef = A00FDD6E2DD832EC00C15D28 /* BoardView.swift */; };
		A00FDD712DD8330400C15D28 /* CalendarView.swift in Sources */ = {isa = PBXBuildFile; fileRef = A00FDD702DD8330400C15D28 /* CalendarView.swift */; };
		A00FDD732DD8331200C15D28 /* SettingView.swift in Sources */ = {isa = PBXBuildFile; fileRef = A00FDD722DD8331200C15D28 /* SettingView.swift */; };
		A00FDDD12DD839B700C15D28 /* FSCalendar in Frameworks */ = {isa = PBXBuildFile; productRef = A00FDDD02DD839B700C15D28 /* FSCalendar */; };
/* End PBXBuildFile section */

/* Begin PBXContainerItemProxy section */
		A00FDD4A2DD82E4000C15D28 /* PBXContainerItemProxy */ = {
			isa = PBXContainerItemProxy;
			containerPortal = A00FDD302DD82E3E00C15D28 /* Project object */;
			proxyType = 1;
			remoteGlobalIDString = A00FDD372DD82E3E00C15D28;
			remoteInfo = seppan_ios;
		};
		A00FDD542DD82E4000C15D28 /* PBXContainerItemProxy */ = {
			isa = PBXContainerItemProxy;
			containerPortal = A00FDD302DD82E3E00C15D28 /* Project object */;
			proxyType = 1;
			remoteGlobalIDString = A00FDD372DD82E3E00C15D28;
			remoteInfo = seppan_ios;
		};
/* End PBXContainerItemProxy section */

/* Begin PBXFileReference section */
		A00FDD382DD82E3E00C15D28 /* seppan_ios.app */ = {isa = PBXFileReference; explicitFileType = wrapper.application; includeInIndex = 0; path = seppan_ios.app; sourceTree = BUILT_PRODUCTS_DIR; };
		A00FDD492DD82E4000C15D28 /* seppan_iosTests.xctest */ = {isa = PBXFileReference; explicitFileType = wrapper.cfbundle; includeInIndex = 0; path = seppan_iosTests.xctest; sourceTree = BUILT_PRODUCTS_DIR; };
		A00FDD532DD82E4000C15D28 /* seppan_iosUITests.xctest */ = {isa = PBXFileReference; explicitFileType = wrapper.cfbundle; includeInIndex = 0; path = seppan_iosUITests.xctest; sourceTree = BUILT_PRODUCTS_DIR; };
		A00FDD672DD831CB00C15D28 /* MainTabView.swift */ = {isa = PBXFileReference; lastKnownFileType = sourcecode.swift; path = MainTabView.swift; sourceTree = "<group>"; };
		A00FDD6E2DD832EC00C15D28 /* BoardView.swift */ = {isa = PBXFileReference; lastKnownFileType = sourcecode.swift; path = BoardView.swift; sourceTree = "<group>"; };
		A00FDD702DD8330400C15D28 /* CalendarView.swift */ = {isa = PBXFileReference; lastKnownFileType = sourcecode.swift; path = CalendarView.swift; sourceTree = "<group>"; };
		A00FDD722DD8331200C15D28 /* SettingView.swift */ = {isa = PBXFileReference; lastKnownFileType = sourcecode.swift; path = SettingView.swift; sourceTree = "<group>"; };
/* End PBXFileReference section */

/* Begin PBXFileSystemSynchronizedRootGroup section */
		A00FDD3A2DD82E3E00C15D28 /* seppan_ios */ = {
			isa = PBXFileSystemSynchronizedRootGroup;
			path = seppan_ios;
			sourceTree = "<group>";
		};
		A00FDD4C2DD82E4000C15D28 /* seppan_iosTests */ = {
			isa = PBXFileSystemSynchronizedRootGroup;
			path = seppan_iosTests;
			sourceTree = "<group>";
		};
		A00FDD562DD82E4000C15D28 /* seppan_iosUITests */ = {
			isa = PBXFileSystemSynchronizedRootGroup;
			path = seppan_iosUITests;
			sourceTree = "<group>";
		};
/* End PBXFileSystemSynchronizedRootGroup section */

/* Begin PBXFrameworksBuildPhase section */
		A00FDD352DD82E3E00C15D28 /* Frameworks */ = {
			isa = PBXFrameworksBuildPhase;
			buildActionMask = 2147483647;
			files = (
				A00FDDD12DD839B700C15D28 /* FSCalendar in Frameworks */,
			);
			runOnlyForDeploymentPostprocessing = 0;
		};
		A00FDD462DD82E4000C15D28 /* Frameworks */ = {
			isa = PBXFrameworksBuildPhase;
			buildActionMask = 2147483647;
			files = (
			);
			runOnlyForDeploymentPostprocessing = 0;
		};
		A00FDD502DD82E4000C15D28 /* Frameworks */ = {
			isa = PBXFrameworksBuildPhase;
			buildActionMask = 2147483647;
			files = (
			);
			runOnlyForDeploymentPostprocessing = 0;
		};
/* End PBXFrameworksBuildPhase section */

/* Begin PBXGroup section */
		A00FDD2F2DD82E3E00C15D28 = {
			isa = PBXGroup;
			children = (
				A00FDD3A2DD82E3E00C15D28 /* seppan_ios */,
				A00FDD4C2DD82E4000C15D28 /* seppan_iosTests */,
				A00FDD562DD82E4000C15D28 /* seppan_iosUITests */,
				A00FDD392DD82E3E00C15D28 /* Products */,
				A00FDD692DD8323C00C15D28 /* seppan */,
				A00FDDCF2DD839B700C15D28 /* Frameworks */,
			);
			sourceTree = "<group>";
		};
		A00FDD392DD82E3E00C15D28 /* Products */ = {
			isa = PBXGroup;
			children = (
				A00FDD382DD82E3E00C15D28 /* seppan_ios.app */,
				A00FDD492DD82E4000C15D28 /* seppan_iosTests.xctest */,
				A00FDD532DD82E4000C15D28 /* seppan_iosUITests.xctest */,
			);
			name = Products;
			sourceTree = "<group>";
		};
		A00FDD662DD831A700C15D28 /* MainTab */ = {
			isa = PBXGroup;
			children = (
				A00FDD672DD831CB00C15D28 /* MainTabView.swift */,
			);
			path = MainTab;
			sourceTree = "<group>";
		};
		A00FDD692DD8323C00C15D28 /* seppan */ = {
			isa = PBXGroup;
			children = (
				A00FDD6A2DD8324D00C15D28 /* Presentation */,
			);
			path = seppan;
			sourceTree = "<group>";
		};
		A00FDD6A2DD8324D00C15D28 /* Presentation */ = {
			isa = PBXGroup;
			children = (
				A00FDD6D2DD832D300C15D28 /* Setting */,
				A00FDD6C2DD832C200C15D28 /* Calendar */,
				A00FDD6B2DD832B600C15D28 /* Board */,
				A00FDD662DD831A700C15D28 /* MainTab */,
			);
			path = Presentation;
			sourceTree = "<group>";
		};
		A00FDD6B2DD832B600C15D28 /* Board */ = {
			isa = PBXGroup;
			children = (
				A00FDD6E2DD832EC00C15D28 /* BoardView.swift */,
			);
			path = Board;
			sourceTree = "<group>";
		};
		A00FDD6C2DD832C200C15D28 /* Calendar */ = {
			isa = PBXGroup;
			children = (
				A00FDD702DD8330400C15D28 /* CalendarView.swift */,
			);
			path = Calendar;
			sourceTree = "<group>";
		};
		A00FDD6D2DD832D300C15D28 /* Setting */ = {
			isa = PBXGroup;
			children = (
				A00FDD722DD8331200C15D28 /* SettingView.swift */,
			);
			path = Setting;
			sourceTree = "<group>";
		};
		A00FDDCF2DD839B700C15D28 /* Frameworks */ = {
			isa = PBXGroup;
			children = (
			);
			name = Frameworks;
			sourceTree = "<group>";
		};
/* End PBXGroup section */

/* Begin PBXNativeTarget section */
		A00FDD372DD82E3E00C15D28 /* seppan_ios */ = {
			isa = PBXNativeTarget;
			buildConfigurationList = A00FDD5D2DD82E4000C15D28 /* Build configuration list for PBXNativeTarget "seppan_ios" */;
			buildPhases = (
				A00FDD342DD82E3E00C15D28 /* Sources */,
				A00FDD352DD82E3E00C15D28 /* Frameworks */,
				A00FDD362DD82E3E00C15D28 /* Resources */,
			);
			buildRules = (
			);
			dependencies = (
			);
			fileSystemSynchronizedGroups = (
				A00FDD3A2DD82E3E00C15D28 /* seppan_ios */,
			);
			name = seppan_ios;
			packageProductDependencies = (
				A00FDDD02DD839B700C15D28 /* FSCalendar */,
			);
			productName = seppan_ios;
			productReference = A00FDD382DD82E3E00C15D28 /* seppan_ios.app */;
			productType = "com.apple.product-type.application";
		};
		A00FDD482DD82E4000C15D28 /* seppan_iosTests */ = {
			isa = PBXNativeTarget;
			buildConfigurationList = A00FDD602DD82E4000C15D28 /* Build configuration list for PBXNativeTarget "seppan_iosTests" */;
			buildPhases = (
				A00FDD452DD82E4000C15D28 /* Sources */,
				A00FDD462DD82E4000C15D28 /* Frameworks */,
				A00FDD472DD82E4000C15D28 /* Resources */,
			);
			buildRules = (
			);
			dependencies = (
				A00FDD4B2DD82E4000C15D28 /* PBXTargetDependency */,
			);
			fileSystemSynchronizedGroups = (
				A00FDD4C2DD82E4000C15D28 /* seppan_iosTests */,
			);
			name = seppan_iosTests;
			packageProductDependencies = (
			);
			productName = seppan_iosTests;
			productReference = A00FDD492DD82E4000C15D28 /* seppan_iosTests.xctest */;
			productType = "com.apple.product-type.bundle.unit-test";
		};
		A00FDD522DD82E4000C15D28 /* seppan_iosUITests */ = {
			isa = PBXNativeTarget;
			buildConfigurationList = A00FDD632DD82E4000C15D28 /* Build configuration list for PBXNativeTarget "seppan_iosUITests" */;
			buildPhases = (
				A00FDD4F2DD82E4000C15D28 /* Sources */,
				A00FDD502DD82E4000C15D28 /* Frameworks */,
				A00FDD512DD82E4000C15D28 /* Resources */,
			);
			buildRules = (
			);
			dependencies = (
				A00FDD552DD82E4000C15D28 /* PBXTargetDependency */,
			);
			fileSystemSynchronizedGroups = (
				A00FDD562DD82E4000C15D28 /* seppan_iosUITests */,
			);
			name = seppan_iosUITests;
			packageProductDependencies = (
			);
			productName = seppan_iosUITests;
			productReference = A00FDD532DD82E4000C15D28 /* seppan_iosUITests.xctest */;
			productType = "com.apple.product-type.bundle.ui-testing";
		};
/* End PBXNativeTarget section */

/* Begin PBXProject section */
		A00FDD302DD82E3E00C15D28 /* Project object */ = {
			isa = PBXProject;
			attributes = {
				BuildIndependentTargetsInParallel = 1;
				LastSwiftUpdateCheck = 1620;
				LastUpgradeCheck = 1620;
				TargetAttributes = {
					A00FDD372DD82E3E00C15D28 = {
						CreatedOnToolsVersion = 16.2;
					};
					A00FDD482DD82E4000C15D28 = {
						CreatedOnToolsVersion = 16.2;
						TestTargetID = A00FDD372DD82E3E00C15D28;
					};
					A00FDD522DD82E4000C15D28 = {
						CreatedOnToolsVersion = 16.2;
						TestTargetID = A00FDD372DD82E3E00C15D28;
					};
				};
			};
			buildConfigurationList = A00FDD332DD82E3E00C15D28 /* Build configuration list for PBXProject "seppan_ios" */;
			developmentRegion = en;
			hasScannedForEncodings = 0;
			knownRegions = (
				en,
				Base,
			);
			mainGroup = A00FDD2F2DD82E3E00C15D28;
			minimizedProjectReferenceProxies = 1;
			packageReferences = (
				A00FDDCE2DD837AE00C15D28 /* XCRemoteSwiftPackageReference "FSCalendar" */,
			);
			preferredProjectObjectVersion = 77;
			productRefGroup = A00FDD392DD82E3E00C15D28 /* Products */;
			projectDirPath = "";
			projectRoot = "";
			targets = (
				A00FDD372DD82E3E00C15D28 /* seppan_ios */,
				A00FDD482DD82E4000C15D28 /* seppan_iosTests */,
				A00FDD522DD82E4000C15D28 /* seppan_iosUITests */,
			);
		};
/* End PBXProject section */

/* Begin PBXResourcesBuildPhase section */
		A00FDD362DD82E3E00C15D28 /* Resources */ = {
			isa = PBXResourcesBuildPhase;
			buildActionMask = 2147483647;
			files = (
			);
			runOnlyForDeploymentPostprocessing = 0;
		};
		A00FDD472DD82E4000C15D28 /* Resources */ = {
			isa = PBXResourcesBuildPhase;
			buildActionMask = 2147483647;
			files = (
			);
			runOnlyForDeploymentPostprocessing = 0;
		};
		A00FDD512DD82E4000C15D28 /* Resources */ = {
			isa = PBXResourcesBuildPhase;
			buildActionMask = 2147483647;
			files = (
			);
			runOnlyForDeploymentPostprocessing = 0;
		};
/* End PBXResourcesBuildPhase section */

/* Begin PBXSourcesBuildPhase section */
		A00FDD342DD82E3E00C15D28 /* Sources */ = {
			isa = PBXSourcesBuildPhase;
			buildActionMask = 2147483647;
			files = (
				A00FDD712DD8330400C15D28 /* CalendarView.swift in Sources */,
				A00FDD6F2DD832EC00C15D28 /* BoardView.swift in Sources */,
				A00FDD732DD8331200C15D28 /* SettingView.swift in Sources */,
				A00FDD682DD831CB00C15D28 /* MainTabView.swift in Sources */,
			);
			runOnlyForDeploymentPostprocessing = 0;
		};
		A00FDD452DD82E4000C15D28 /* Sources */ = {
			isa = PBXSourcesBuildPhase;
			buildActionMask = 2147483647;
			files = (
			);
			runOnlyForDeploymentPostprocessing = 0;
		};
		A00FDD4F2DD82E4000C15D28 /* Sources */ = {
			isa = PBXSourcesBuildPhase;
			buildActionMask = 2147483647;
			files = (
			);
			runOnlyForDeploymentPostprocessing = 0;
		};
/* End PBXSourcesBuildPhase section */

/* Begin PBXTargetDependency section */
		A00FDD4B2DD82E4000C15D28 /* PBXTargetDependency */ = {
			isa = PBXTargetDependency;
			target = A00FDD372DD82E3E00C15D28 /* seppan_ios */;
			targetProxy = A00FDD4A2DD82E4000C15D28 /* PBXContainerItemProxy */;
		};
		A00FDD552DD82E4000C15D28 /* PBXTargetDependency */ = {
			isa = PBXTargetDependency;
			target = A00FDD372DD82E3E00C15D28 /* seppan_ios */;
			targetProxy = A00FDD542DD82E4000C15D28 /* PBXContainerItemProxy */;
		};
/* End PBXTargetDependency section */

/* Begin XCBuildConfiguration section */
		A00FDD5B2DD82E4000C15D28 /* Debug */ = {
			isa = XCBuildConfiguration;
			buildSettings = {
				ALWAYS_SEARCH_USER_PATHS = NO;
				ASSETCATALOG_COMPILER_GENERATE_SWIFT_ASSET_SYMBOL_EXTENSIONS = YES;
				CLANG_ANALYZER_NONNULL = YES;
				CLANG_ANALYZER_NUMBER_OBJECT_CONVERSION = YES_AGGRESSIVE;
				CLANG_CXX_LANGUAGE_STANDARD = "gnu++20";
				CLANG_ENABLE_MODULES = YES;
				CLANG_ENABLE_OBJC_ARC = YES;
				CLANG_ENABLE_OBJC_WEAK = YES;
				CLANG_WARN_BLOCK_CAPTURE_AUTORELEASING = YES;
				CLANG_WARN_BOOL_CONVERSION = YES;
				CLANG_WARN_COMMA = YES;
				CLANG_WARN_CONSTANT_CONVERSION = YES;
				CLANG_WARN_DEPRECATED_OBJC_IMPLEMENTATIONS = YES;
				CLANG_WARN_DIRECT_OBJC_ISA_USAGE = YES_ERROR;
				CLANG_WARN_DOCUMENTATION_COMMENTS = YES;
				CLANG_WARN_EMPTY_BODY = YES;
				CLANG_WARN_ENUM_CONVERSION = YES;
				CLANG_WARN_INFINITE_RECURSION = YES;
				CLANG_WARN_INT_CONVERSION = YES;
				CLANG_WARN_NON_LITERAL_NULL_CONVERSION = YES;
				CLANG_WARN_OBJC_IMPLICIT_RETAIN_SELF = YES;
				CLANG_WARN_OBJC_LITERAL_CONVERSION = YES;
				CLANG_WARN_OBJC_ROOT_CLASS = YES_ERROR;
				CLANG_WARN_QUOTED_INCLUDE_IN_FRAMEWORK_HEADER = YES;
				CLANG_WARN_RANGE_LOOP_ANALYSIS = YES;
				CLANG_WARN_STRICT_PROTOTYPES = YES;
				CLANG_WARN_SUSPICIOUS_MOVE = YES;
				CLANG_WARN_UNGUARDED_AVAILABILITY = YES_AGGRESSIVE;
				CLANG_WARN_UNREACHABLE_CODE = YES;
				CLANG_WARN__DUPLICATE_METHOD_MATCH = YES;
				COPY_PHASE_STRIP = NO;
				DEBUG_INFORMATION_FORMAT = dwarf;
				ENABLE_STRICT_OBJC_MSGSEND = YES;
				ENABLE_TESTABILITY = YES;
				ENABLE_USER_SCRIPT_SANDBOXING = YES;
				GCC_C_LANGUAGE_STANDARD = gnu17;
				GCC_DYNAMIC_NO_PIC = NO;
				GCC_NO_COMMON_BLOCKS = YES;
				GCC_OPTIMIZATION_LEVEL = 0;
				GCC_PREPROCESSOR_DEFINITIONS = (
					"DEBUG=1",
					"$(inherited)",
				);
				GCC_WARN_64_TO_32_BIT_CONVERSION = YES;
				GCC_WARN_ABOUT_RETURN_TYPE = YES_ERROR;
				GCC_WARN_UNDECLARED_SELECTOR = YES;
				GCC_WARN_UNINITIALIZED_AUTOS = YES_AGGRESSIVE;
				GCC_WARN_UNUSED_FUNCTION = YES;
				GCC_WARN_UNUSED_VARIABLE = YES;
				LOCALIZATION_PREFERS_STRING_CATALOGS = YES;
				MTL_ENABLE_DEBUG_INFO = INCLUDE_SOURCE;
				MTL_FAST_MATH = YES;
				ONLY_ACTIVE_ARCH = YES;
				SWIFT_ACTIVE_COMPILATION_CONDITIONS = "DEBUG $(inherited)";
				SWIFT_OPTIMIZATION_LEVEL = "-Onone";
			};
			name = Debug;
		};
		A00FDD5C2DD82E4000C15D28 /* Release */ = {
			isa = XCBuildConfiguration;
			buildSettings = {
				ALWAYS_SEARCH_USER_PATHS = NO;
				ASSETCATALOG_COMPILER_GENERATE_SWIFT_ASSET_SYMBOL_EXTENSIONS = YES;
				CLANG_ANALYZER_NONNULL = YES;
				CLANG_ANALYZER_NUMBER_OBJECT_CONVERSION = YES_AGGRESSIVE;
				CLANG_CXX_LANGUAGE_STANDARD = "gnu++20";
				CLANG_ENABLE_MODULES = YES;
				CLANG_ENABLE_OBJC_ARC = YES;
				CLANG_ENABLE_OBJC_WEAK = YES;
				CLANG_WARN_BLOCK_CAPTURE_AUTORELEASING = YES;
				CLANG_WARN_BOOL_CONVERSION = YES;
				CLANG_WARN_COMMA = YES;
				CLANG_WARN_CONSTANT_CONVERSION = YES;
				CLANG_WARN_DEPRECATED_OBJC_IMPLEMENTATIONS = YES;
				CLANG_WARN_DIRECT_OBJC_ISA_USAGE = YES_ERROR;
				CLANG_WARN_DOCUMENTATION_COMMENTS = YES;
				CLANG_WARN_EMPTY_BODY = YES;
				CLANG_WARN_ENUM_CONVERSION = YES;
				CLANG_WARN_INFINITE_RECURSION = YES;
				CLANG_WARN_INT_CONVERSION = YES;
				CLANG_WARN_NON_LITERAL_NULL_CONVERSION = YES;
				CLANG_WARN_OBJC_IMPLICIT_RETAIN_SELF = YES;
				CLANG_WARN_OBJC_LITERAL_CONVERSION = YES;
				CLANG_WARN_OBJC_ROOT_CLASS = YES_ERROR;
				CLANG_WARN_QUOTED_INCLUDE_IN_FRAMEWORK_HEADER = YES;
				CLANG_WARN_RANGE_LOOP_ANALYSIS = YES;
				CLANG_WARN_STRICT_PROTOTYPES = YES;
				CLANG_WARN_SUSPICIOUS_MOVE = YES;
				CLANG_WARN_UNGUARDED_AVAILABILITY = YES_AGGRESSIVE;
				CLANG_WARN_UNREACHABLE_CODE = YES;
				CLANG_WARN__DUPLICATE_METHOD_MATCH = YES;
				COPY_PHASE_STRIP = NO;
				DEBUG_INFORMATION_FORMAT = "dwarf-with-dsym";
				ENABLE_NS_ASSERTIONS = NO;
				ENABLE_STRICT_OBJC_MSGSEND = YES;
				ENABLE_USER_SCRIPT_SANDBOXING = YES;
				GCC_C_LANGUAGE_STANDARD = gnu17;
				GCC_NO_COMMON_BLOCKS = YES;
				GCC_WARN_64_TO_32_BIT_CONVERSION = YES;
				GCC_WARN_ABOUT_RETURN_TYPE = YES_ERROR;
				GCC_WARN_UNDECLARED_SELECTOR = YES;
				GCC_WARN_UNINITIALIZED_AUTOS = YES_AGGRESSIVE;
				GCC_WARN_UNUSED_FUNCTION = YES;
				GCC_WARN_UNUSED_VARIABLE = YES;
				LOCALIZATION_PREFERS_STRING_CATALOGS = YES;
				MTL_ENABLE_DEBUG_INFO = NO;
				MTL_FAST_MATH = YES;
				SWIFT_COMPILATION_MODE = wholemodule;
			};
			name = Release;
		};
		A00FDD5E2DD82E4000C15D28 /* Debug */ = {
			isa = XCBuildConfiguration;
			buildSettings = {
				ASSETCATALOG_COMPILER_APPICON_NAME = AppIcon;
				ASSETCATALOG_COMPILER_GLOBAL_ACCENT_COLOR_NAME = AccentColor;
				CODE_SIGN_ENTITLEMENTS = seppan_ios/seppan_ios.entitlements;
				CODE_SIGN_STYLE = Automatic;
				CURRENT_PROJECT_VERSION = 1;
				DEVELOPMENT_ASSET_PATHS = "\"seppan_ios/Preview Content\"";
				DEVELOPMENT_TEAM = XCAHYBH783;
				ENABLE_HARDENED_RUNTIME = YES;
				ENABLE_PREVIEWS = YES;
				GENERATE_INFOPLIST_FILE = YES;
				"INFOPLIST_KEY_UIApplicationSceneManifest_Generation[sdk=iphoneos*]" = YES;
				"INFOPLIST_KEY_UIApplicationSceneManifest_Generation[sdk=iphonesimulator*]" = YES;
				"INFOPLIST_KEY_UIApplicationSupportsIndirectInputEvents[sdk=iphoneos*]" = YES;
				"INFOPLIST_KEY_UIApplicationSupportsIndirectInputEvents[sdk=iphonesimulator*]" = YES;
				"INFOPLIST_KEY_UILaunchScreen_Generation[sdk=iphoneos*]" = YES;
				"INFOPLIST_KEY_UILaunchScreen_Generation[sdk=iphonesimulator*]" = YES;
				"INFOPLIST_KEY_UIStatusBarStyle[sdk=iphoneos*]" = UIStatusBarStyleDefault;
				"INFOPLIST_KEY_UIStatusBarStyle[sdk=iphonesimulator*]" = UIStatusBarStyleDefault;
				INFOPLIST_KEY_UISupportedInterfaceOrientations_iPad = "UIInterfaceOrientationPortrait UIInterfaceOrientationPortraitUpsideDown UIInterfaceOrientationLandscapeLeft UIInterfaceOrientationLandscapeRight";
				INFOPLIST_KEY_UISupportedInterfaceOrientations_iPhone = "UIInterfaceOrientationPortrait UIInterfaceOrientationLandscapeLeft UIInterfaceOrientationLandscapeRight";
				IPHONEOS_DEPLOYMENT_TARGET = 18.2;
				LD_RUNPATH_SEARCH_PATHS = "@executable_path/Frameworks";
				"LD_RUNPATH_SEARCH_PATHS[sdk=macosx*]" = "@executable_path/../Frameworks";
				MACOSX_DEPLOYMENT_TARGET = 15.2;
				MARKETING_VERSION = 1.0;
				PRODUCT_BUNDLE_IDENTIFIER = "com.sanshiroochi.seppan-ios";
				PRODUCT_NAME = "$(TARGET_NAME)";
				SDKROOT = auto;
				SUPPORTED_PLATFORMS = "iphoneos iphonesimulator macosx xros xrsimulator";
				SWIFT_EMIT_LOC_STRINGS = YES;
				SWIFT_VERSION = 5.0;
				TARGETED_DEVICE_FAMILY = "1,2,7";
				XROS_DEPLOYMENT_TARGET = 2.2;
			};
			name = Debug;
		};
		A00FDD5F2DD82E4000C15D28 /* Release */ = {
			isa = XCBuildConfiguration;
			buildSettings = {
				ASSETCATALOG_COMPILER_APPICON_NAME = AppIcon;
				ASSETCATALOG_COMPILER_GLOBAL_ACCENT_COLOR_NAME = AccentColor;
				CODE_SIGN_ENTITLEMENTS = seppan_ios/seppan_ios.entitlements;
				CODE_SIGN_STYLE = Automatic;
				CURRENT_PROJECT_VERSION = 1;
				DEVELOPMENT_ASSET_PATHS = "\"seppan_ios/Preview Content\"";
				DEVELOPMENT_TEAM = XCAHYBH783;
				ENABLE_HARDENED_RUNTIME = YES;
				ENABLE_PREVIEWS = YES;
				GENERATE_INFOPLIST_FILE = YES;
				"INFOPLIST_KEY_UIApplicationSceneManifest_Generation[sdk=iphoneos*]" = YES;
				"INFOPLIST_KEY_UIApplicationSceneManifest_Generation[sdk=iphonesimulator*]" = YES;
				"INFOPLIST_KEY_UIApplicationSupportsIndirectInputEvents[sdk=iphoneos*]" = YES;
				"INFOPLIST_KEY_UIApplicationSupportsIndirectInputEvents[sdk=iphonesimulator*]" = YES;
				"INFOPLIST_KEY_UILaunchScreen_Generation[sdk=iphoneos*]" = YES;
				"INFOPLIST_KEY_UILaunchScreen_Generation[sdk=iphonesimulator*]" = YES;
				"INFOPLIST_KEY_UIStatusBarStyle[sdk=iphoneos*]" = UIStatusBarStyleDefault;
				"INFOPLIST_KEY_UIStatusBarStyle[sdk=iphonesimulator*]" = UIStatusBarStyleDefault;
				INFOPLIST_KEY_UISupportedInterfaceOrientations_iPad = "UIInterfaceOrientationPortrait UIInterfaceOrientationPortraitUpsideDown UIInterfaceOrientationLandscapeLeft UIInterfaceOrientationLandscapeRight";
				INFOPLIST_KEY_UISupportedInterfaceOrientations_iPhone = "UIInterfaceOrientationPortrait UIInterfaceOrientationLandscapeLeft UIInterfaceOrientationLandscapeRight";
				IPHONEOS_DEPLOYMENT_TARGET = 18.2;
				LD_RUNPATH_SEARCH_PATHS = "@executable_path/Frameworks";
				"LD_RUNPATH_SEARCH_PATHS[sdk=macosx*]" = "@executable_path/../Frameworks";
				MACOSX_DEPLOYMENT_TARGET = 15.2;
				MARKETING_VERSION = 1.0;
				PRODUCT_BUNDLE_IDENTIFIER = "com.sanshiroochi.seppan-ios";
				PRODUCT_NAME = "$(TARGET_NAME)";
				SDKROOT = auto;
				SUPPORTED_PLATFORMS = "iphoneos iphonesimulator macosx xros xrsimulator";
				SWIFT_EMIT_LOC_STRINGS = YES;
				SWIFT_VERSION = 5.0;
				TARGETED_DEVICE_FAMILY = "1,2,7";
				XROS_DEPLOYMENT_TARGET = 2.2;
			};
			name = Release;
		};
		A00FDD612DD82E4000C15D28 /* Debug */ = {
			isa = XCBuildConfiguration;
			buildSettings = {
				BUNDLE_LOADER = "$(TEST_HOST)";
				CODE_SIGN_STYLE = Automatic;
				CURRENT_PROJECT_VERSION = 1;
				DEVELOPMENT_TEAM = XCAHYBH783;
				GENERATE_INFOPLIST_FILE = YES;
				IPHONEOS_DEPLOYMENT_TARGET = 18.2;
				MACOSX_DEPLOYMENT_TARGET = 15.2;
				MARKETING_VERSION = 1.0;
				PRODUCT_BUNDLE_IDENTIFIER = "com.sanshiroochi.seppan-iosTests";
				PRODUCT_NAME = "$(TARGET_NAME)";
				SDKROOT = auto;
				SUPPORTED_PLATFORMS = "iphoneos iphonesimulator macosx xros xrsimulator";
				SWIFT_EMIT_LOC_STRINGS = NO;
				SWIFT_VERSION = 5.0;
				TARGETED_DEVICE_FAMILY = "1,2,7";
				TEST_HOST = "$(BUILT_PRODUCTS_DIR)/seppan_ios.app/$(BUNDLE_EXECUTABLE_FOLDER_PATH)/seppan_ios";
				XROS_DEPLOYMENT_TARGET = 2.2;
			};
			name = Debug;
		};
		A00FDD622DD82E4000C15D28 /* Release */ = {
			isa = XCBuildConfiguration;
			buildSettings = {
				BUNDLE_LOADER = "$(TEST_HOST)";
				CODE_SIGN_STYLE = Automatic;
				CURRENT_PROJECT_VERSION = 1;
				DEVELOPMENT_TEAM = XCAHYBH783;
				GENERATE_INFOPLIST_FILE = YES;
				IPHONEOS_DEPLOYMENT_TARGET = 18.2;
				MACOSX_DEPLOYMENT_TARGET = 15.2;
				MARKETING_VERSION = 1.0;
				PRODUCT_BUNDLE_IDENTIFIER = "com.sanshiroochi.seppan-iosTests";
				PRODUCT_NAME = "$(TARGET_NAME)";
				SDKROOT = auto;
				SUPPORTED_PLATFORMS = "iphoneos iphonesimulator macosx xros xrsimulator";
				SWIFT_EMIT_LOC_STRINGS = NO;
				SWIFT_VERSION = 5.0;
				TARGETED_DEVICE_FAMILY = "1,2,7";
				TEST_HOST = "$(BUILT_PRODUCTS_DIR)/seppan_ios.app/$(BUNDLE_EXECUTABLE_FOLDER_PATH)/seppan_ios";
				XROS_DEPLOYMENT_TARGET = 2.2;
			};
			name = Release;
		};
		A00FDD642DD82E4000C15D28 /* Debug */ = {
			isa = XCBuildConfiguration;
			buildSettings = {
				CODE_SIGN_STYLE = Automatic;
				CURRENT_PROJECT_VERSION = 1;
				DEVELOPMENT_TEAM = XCAHYBH783;
				GENERATE_INFOPLIST_FILE = YES;
				IPHONEOS_DEPLOYMENT_TARGET = 18.2;
				MACOSX_DEPLOYMENT_TARGET = 15.2;
				MARKETING_VERSION = 1.0;
				PRODUCT_BUNDLE_IDENTIFIER = "com.sanshiroochi.seppan-iosUITests";
				PRODUCT_NAME = "$(TARGET_NAME)";
				SDKROOT = auto;
				SUPPORTED_PLATFORMS = "iphoneos iphonesimulator macosx xros xrsimulator";
				SWIFT_EMIT_LOC_STRINGS = NO;
				SWIFT_VERSION = 5.0;
				TARGETED_DEVICE_FAMILY = "1,2,7";
				TEST_TARGET_NAME = seppan_ios;
				XROS_DEPLOYMENT_TARGET = 2.2;
			};
			name = Debug;
		};
		A00FDD652DD82E4000C15D28 /* Release */ = {
			isa = XCBuildConfiguration;
			buildSettings = {
				CODE_SIGN_STYLE = Automatic;
				CURRENT_PROJECT_VERSION = 1;
				DEVELOPMENT_TEAM = XCAHYBH783;
				GENERATE_INFOPLIST_FILE = YES;
				IPHONEOS_DEPLOYMENT_TARGET = 18.2;
				MACOSX_DEPLOYMENT_TARGET = 15.2;
				MARKETING_VERSION = 1.0;
				PRODUCT_BUNDLE_IDENTIFIER = "com.sanshiroochi.seppan-iosUITests";
				PRODUCT_NAME = "$(TARGET_NAME)";
				SDKROOT = auto;
				SUPPORTED_PLATFORMS = "iphoneos iphonesimulator macosx xros xrsimulator";
				SWIFT_EMIT_LOC_STRINGS = NO;
				SWIFT_VERSION = 5.0;
				TARGETED_DEVICE_FAMILY = "1,2,7";
				TEST_TARGET_NAME = seppan_ios;
				XROS_DEPLOYMENT_TARGET = 2.2;
			};
			name = Release;
		};
/* End XCBuildConfiguration section */

/* Begin XCConfigurationList section */
		A00FDD332DD82E3E00C15D28 /* Build configuration list for PBXProject "seppan_ios" */ = {
			isa = XCConfigurationList;
			buildConfigurations = (
				A00FDD5B2DD82E4000C15D28 /* Debug */,
				A00FDD5C2DD82E4000C15D28 /* Release */,
			);
			defaultConfigurationIsVisible = 0;
			defaultConfigurationName = Release;
		};
		A00FDD5D2DD82E4000C15D28 /* Build configuration list for PBXNativeTarget "seppan_ios" */ = {
			isa = XCConfigurationList;
			buildConfigurations = (
				A00FDD5E2DD82E4000C15D28 /* Debug */,
				A00FDD5F2DD82E4000C15D28 /* Release */,
			);
			defaultConfigurationIsVisible = 0;
			defaultConfigurationName = Release;
		};
		A00FDD602DD82E4000C15D28 /* Build configuration list for PBXNativeTarget "seppan_iosTests" */ = {
			isa = XCConfigurationList;
			buildConfigurations = (
				A00FDD612DD82E4000C15D28 /* Debug */,
				A00FDD622DD82E4000C15D28 /* Release */,
			);
			defaultConfigurationIsVisible = 0;
			defaultConfigurationName = Release;
		};
		A00FDD632DD82E4000C15D28 /* Build configuration list for PBXNativeTarget "seppan_iosUITests" */ = {
			isa = XCConfigurationList;
			buildConfigurations = (
				A00FDD642DD82E4000C15D28 /* Debug */,
				A00FDD652DD82E4000C15D28 /* Release */,
			);
			defaultConfigurationIsVisible = 0;
			defaultConfigurationName = Release;
		};
/* End XCConfigurationList section */

/* Begin XCRemoteSwiftPackageReference section */
		A00FDDCE2DD837AE00C15D28 /* XCRemoteSwiftPackageReference "FSCalendar" */ = {
			isa = XCRemoteSwiftPackageReference;
			repositoryURL = "https://github.com/WenchaoD/FSCalendar.git";
			requirement = {
				kind = upToNextMajorVersion;
				minimumVersion = 2.8.4;
			};
		};
/* End XCRemoteSwiftPackageReference section */

/* Begin XCSwiftPackageProductDependency section */
		A00FDDD02DD839B700C15D28 /* FSCalendar */ = {
			isa = XCSwiftPackageProductDependency;
			package = A00FDDCE2DD837AE00C15D28 /* XCRemoteSwiftPackageReference "FSCalendar" */;
			productName = FSCalendar;
		};
/* End XCSwiftPackageProductDependency section */
	};
	rootObject = A00FDD302DD82E3E00C15D28 /* Project object */;
}
